
Microsoft Visual Studio Solution File, Format Version 12.00
# Visual Studio Version 17
VisualStudioVersion = 17.3.32901.215
MinimumVisualStudioVersion = 10.0.40219.1
Project("{FAE04EC0-301F-11D3-BF4B-00C04F79EFBC}") = "AppDomainDynamicUnload", "AppDomainDynamicUnload\AppDomainDynamicUnload.csproj", "{271BFB6E-E650-4FA5-A540-936488D01768}"
EndProject
Project("{FAE04EC0-301F-11D3-BF4B-00C04F79EFBC}") = "SampleLibrary", "SampleLibrary\SampleLibrary.csproj", "{9BAE33AD-4A79-492A-ABB4-87236C96185E}"
EndProject
Project("{FAE04EC0-301F-11D3-BF4B-00C04F79EFBC}") = "UsingAppDomains", "UsingAppDomains\UsingAppDomains.csproj", "{F6DD3C82-0359-444D-9639-DD7E789458BA}"
EndProject
Project("{FAE04EC0-301F-11D3-BF4B-00C04F79EFBC}") = "TextWindow", "TextWindow\TextWindow.csproj", "{BEAABEB8-32BF-43EB-A13D-1187FDBEB5E6}"
EndProject
Project("{FAE04EC0-301F-11D3-BF4B-00C04F79EFBC}") = "TextDrawer", "TextDrawer\TextDrawer.csproj", "{48BC8BAD-C9A1-4D5D-AEED-18D40074C6D1}"
EndProject
Global
	GlobalSection(SolutionConfigurationPlatforms) = preSolution
		Debug|Any CPU = Debug|Any CPU
		Release|Any CPU = Release|Any CPU
	EndGlobalSection
	GlobalSection(ProjectConfigurationPlatforms) = postSolution
		{271BFB6E-E650-4FA5-A540-936488D01768}.Debug|Any CPU.ActiveCfg = Debug|Any CPU
		{271BFB6E-E650-4FA5-A540-936488D01768}.Debug|Any CPU.Build.0 = Debug|Any CPU
		{271BFB6E-E650-4FA5-A540-936488D01768}.Release|Any CPU.ActiveCfg = Release|Any CPU
		{271BFB6E-E650-4FA5-A540-936488D01768}.Release|Any CPU.Build.0 = Release|Any CPU
		{9BAE33AD-4A79-492A-ABB4-87236C96185E}.Debug|Any CPU.ActiveCfg = Debug|Any CPU
		{9BAE33AD-4A79-492A-ABB4-87236C96185E}.Debug|Any CPU.Build.0 = Debug|Any CPU
		{9BAE33AD-4A79-492A-ABB4-87236C96185E}.Release|Any CPU.ActiveCfg = Release|Any CPU
		{9BAE33AD-4A79-492A-ABB4-87236C96185E}.Release|Any CPU.Build.0 = Release|Any CPU
		{F6DD3C82-0359-444D-9639-DD7E789458BA}.Debug|Any CPU.ActiveCfg = Debug|Any CPU
		{F6DD3C82-0359-444D-9639-DD7E789458BA}.Debug|Any CPU.Build.0 = Debug|Any CPU
		{F6DD3C82-0359-444D-9639-DD7E789458BA}.Release|Any CPU.ActiveCfg = Release|Any CPU
		{F6DD3C82-0359-444D-9639-DD7E789458BA}.Release|Any CPU.Build.0 = Release|Any CPU
		{BEAABEB8-32BF-43EB-A13D-1187FDBEB5E6}.Debug|Any CPU.ActiveCfg = Debug|Any CPU
		{BEAABEB8-32BF-43EB-A13D-1187FDBEB5E6}.Debug|Any CPU.Build.0 = Debug|Any CPU
		{BEAABEB8-32BF-43EB-A13D-1187FDBEB5E6}.Release|Any CPU.ActiveCfg = Release|Any CPU
		{BEAABEB8-32BF-43EB-A13D-1187FDBEB5E6}.Release|Any CPU.Build.0 = Release|Any CPU
		{48BC8BAD-C9A1-4D5D-AEED-18D40074C6D1}.Debug|Any CPU.ActiveCfg = Debug|Any CPU
		{48BC8BAD-C9A1-4D5D-AEED-18D40074C6D1}.Debug|Any CPU.Build.0 = Debug|Any CPU
		{48BC8BAD-C9A1-4D5D-AEED-18D40074C6D1}.Release|Any CPU.ActiveCfg = Release|Any CPU
		{48BC8BAD-C9A1-4D5D-AEED-18D40074C6D1}.Release|Any CPU.Build.0 = Release|Any CPU
	EndGlobalSection
	GlobalSection(SolutionProperties) = preSolution
		HideSolutionNode = FALSE
	EndGlobalSection
	GlobalSection(ExtensibilityGlobals) = postSolution
		SolutionGuid = {3B82C645-51D4-43C8-8FC4-6312B13907FD}
	EndGlobalSection
EndGlobal
