
Microsoft Visual Studio Solution File, Format Version 12.00
# Visual Studio Version 17
VisualStudioVersion = 17.3.32901.215
MinimumVisualStudioVersion = 10.0.40219.1
Project("{FAE04EC0-301F-11D3-BF4B-00C04F79EFBC}") = "FileManager", "FileManager\FileManager.csproj", "{263C2540-FCD2-4BA2-8142-77009956A7D0}"
EndProject
Global
	GlobalSection(SolutionConfigurationPlatforms) = preSolution
		Debug|Any CPU = Debug|Any CPU
		Release|Any CPU = Release|Any CPU
	EndGlobalSection
	GlobalSection(ProjectConfigurationPlatforms) = postSolution
		{263C2540-FCD2-4BA2-8142-77009956A7D0}.Debug|Any CPU.ActiveCfg = Debug|Any CPU
		{263C2540-FCD2-4BA2-8142-77009956A7D0}.Debug|Any CPU.Build.0 = Debug|Any CPU
		{263C2540-FCD2-4BA2-8142-77009956A7D0}.Release|Any CPU.ActiveCfg = Release|Any CPU
		{263C2540-FCD2-4BA2-8142-77009956A7D0}.Release|Any CPU.Build.0 = Release|Any CPU
	EndGlobalSection
	GlobalSection(SolutionProperties) = preSolution
		HideSolutionNode = FALSE
	EndGlobalSection
	GlobalSection(ExtensibilityGlobals) = postSolution
		SolutionGuid = {4062E0E1-923F-4684-8BF8-3986EFAE70E4}
	EndGlobalSection
EndGlobal
